
Microsoft Visual Studio Solution File, Format Version 12.00
# Visual Studio Version 17
VisualStudioVersion = 17.0.31903.59
MinimumVisualStudioVersion = 10.0.40219.1
Project("{FAE04EC0-301F-11D3-BF4B-00C04F79EFBC}") = "MathGame", "MathGame.csproj", "{DE5F125D-ABE8-49AC-906B-EF867AB5C5F5}"
EndProject
Global
	GlobalSection(SolutionConfigurationPlatforms) = preSolution
		Debug|Any CPU = Debug|Any CPU
		Release|Any CPU = Release|Any CPU
	EndGlobalSection
	GlobalSection(ProjectConfigurationPlatforms) = postSolution
		{DE5F125D-ABE8-49AC-906B-EF867AB5C5F5}.Debug|Any CPU.ActiveCfg = Debug|Any CPU
		{DE5F125D-ABE8-49AC-906B-EF867AB5C5F5}.Debug|Any CPU.Build.0 = Debug|Any CPU
		{DE5F125D-ABE8-49AC-906B-EF867AB5C5F5}.Release|Any CPU.ActiveCfg = Release|Any CPU
		{DE5F125D-ABE8-49AC-906B-EF867AB5C5F5}.Release|Any CPU.Build.0 = Release|Any CPU
	EndGlobalSection
	GlobalSection(SolutionProperties) = preSolution
		HideSolutionNode = FALSE
	EndGlobalSection
	GlobalSection(ExtensibilityGlobals) = postSolution
		SolutionGuid = {81CEE829-2C54-4652-B05A-BD1ABF0A6759}
	EndGlobalSection
EndGlobal
